
Microsoft Visual Studio Solution File, Format Version 12.00
# Visual Studio Version 17
VisualStudioVersion = 17.7.34221.43
MinimumVisualStudioVersion = 10.0.40219.1
Project("{FAE04EC0-301F-11D3-BF4B-00C04F79EFBC}") = "RazorPagesMovie", "RazorPagesMovie\RazorPagesMovie.csproj", "{737F8D80-5E35-4CFF-B3D2-9E1FD6C9C9DE}"
EndProject
Global
	GlobalSection(SolutionConfigurationPlatforms) = preSolution
		Debug|Any CPU = Debug|Any CPU
		Release|Any CPU = Release|Any CPU
	EndGlobalSection
	GlobalSection(ProjectConfigurationPlatforms) = postSolution
		{737F8D80-5E35-4CFF-B3D2-9E1FD6C9C9DE}.Debug|Any CPU.ActiveCfg = Debug|Any CPU
		{737F8D80-5E35-4CFF-B3D2-9E1FD6C9C9DE}.Debug|Any CPU.Build.0 = Debug|Any CPU
		{737F8D80-5E35-4CFF-B3D2-9E1FD6C9C9DE}.Release|Any CPU.ActiveCfg = Release|Any CPU
		{737F8D80-5E35-4CFF-B3D2-9E1FD6C9C9DE}.Release|Any CPU.Build.0 = Release|Any CPU
	EndGlobalSection
	GlobalSection(SolutionProperties) = preSolution
		HideSolutionNode = FALSE
	EndGlobalSection
	GlobalSection(ExtensibilityGlobals) = postSolution
		SolutionGuid = {45A4FFFB-4D60-4B79-A5E5-48C41C7B320B}
	EndGlobalSection
EndGlobal
